
Microsoft Visual Studio Solution File, Format Version 12.00
# Visual Studio Version 17
VisualStudioVersion = 17.7.34031.279
MinimumVisualStudioVersion = 10.0.40219.1
Project("{FAE04EC0-301F-11D3-BF4B-00C04F79EFBC}") = "TaskManagementWebApp", "TaskManagementWebApp\TaskManagementWebApp.csproj", "{A07CD28A-5D68-44A2-AB7C-A33FA97834CB}"
EndProject
Global
	GlobalSection(SolutionConfigurationPlatforms) = preSolution
		Debug|Any CPU = Debug|Any CPU
		Release|Any CPU = Release|Any CPU
	EndGlobalSection
	GlobalSection(ProjectConfigurationPlatforms) = postSolution
		{A07CD28A-5D68-44A2-AB7C-A33FA97834CB}.Debug|Any CPU.ActiveCfg = Debug|Any CPU
		{A07CD28A-5D68-44A2-AB7C-A33FA97834CB}.Debug|Any CPU.Build.0 = Debug|Any CPU
		{A07CD28A-5D68-44A2-AB7C-A33FA97834CB}.Release|Any CPU.ActiveCfg = Release|Any CPU
		{A07CD28A-5D68-44A2-AB7C-A33FA97834CB}.Release|Any CPU.Build.0 = Release|Any CPU
	EndGlobalSection
	GlobalSection(SolutionProperties) = preSolution
		HideSolutionNode = FALSE
	EndGlobalSection
	GlobalSection(ExtensibilityGlobals) = postSolution
		SolutionGuid = {6D9BBCDE-87FE-4A03-B707-844ED490471A}
	EndGlobalSection
EndGlobal
